
Microsoft Visual Studio Solution File, Format Version 12.00
# Visual Studio Version 16
VisualStudioVersion = 16.0.29613.14
MinimumVisualStudioVersion = 10.0.40219.1
Project("{FAE04EC0-301F-11D3-BF4B-00C04F79EFBC}") = "chatapp", "chatapp\chatapp.csproj", "{81F5C0DB-AFB9-4EB2-840F-437811CC0E7C}"
EndProject
Global
	GlobalSection(SolutionConfigurationPlatforms) = preSolution
		Debug|Any CPU = Debug|Any CPU
		Release|Any CPU = Release|Any CPU
	EndGlobalSection
	GlobalSection(ProjectConfigurationPlatforms) = postSolution
		{81F5C0DB-AFB9-4EB2-840F-437811CC0E7C}.Debug|Any CPU.ActiveCfg = Debug|Any CPU
		{81F5C0DB-AFB9-4EB2-840F-437811CC0E7C}.Debug|Any CPU.Build.0 = Debug|Any CPU
		{81F5C0DB-AFB9-4EB2-840F-437811CC0E7C}.Release|Any CPU.ActiveCfg = Release|Any CPU
		{81F5C0DB-AFB9-4EB2-840F-437811CC0E7C}.Release|Any CPU.Build.0 = Release|Any CPU
	EndGlobalSection
	GlobalSection(SolutionProperties) = preSolution
		HideSolutionNode = FALSE
	EndGlobalSection
	GlobalSection(ExtensibilityGlobals) = postSolution
		SolutionGuid = {F465C438-BE1A-4F3F-BFC6-A44F8654C543}
	EndGlobalSection
EndGlobal
